
Microsoft Visual Studio Solution File, Format Version 12.00
# Visual Studio 15
Project("{FAE04EC0-301F-11D3-BF4B-00C04F79EFBC}") = "Assembly-CSharp", "Assembly-CSharp.csproj", "{DEAD021F-F1C9-DA22-C1EB-BC2048992AD8}"
EndProject
Project("{FAE04EC0-301F-11D3-BF4B-00C04F79EFBC}") = "Assembly-CSharp-Editor", "Assembly-CSharp-Editor.csproj", "{FC6BE6D3-CEC5-9472-EAC6-8B182408BE5C}"
EndProject
Global
	GlobalSection(SolutionConfigurationPlatforms) = preSolution
		Debug|Any CPU = Debug|Any CPU
		Release|Any CPU = Release|Any CPU
	EndGlobalSection
	GlobalSection(ProjectConfigurationPlatforms) = postSolution
		{DEAD021F-F1C9-DA22-C1EB-BC2048992AD8}.Debug|Any CPU.ActiveCfg = Debug|Any CPU
		{DEAD021F-F1C9-DA22-C1EB-BC2048992AD8}.Debug|Any CPU.Build.0 = Debug|Any CPU
		{DEAD021F-F1C9-DA22-C1EB-BC2048992AD8}.Release|Any CPU.ActiveCfg = Release|Any CPU
		{DEAD021F-F1C9-DA22-C1EB-BC2048992AD8}.Release|Any CPU.Build.0 = Release|Any CPU
		{FC6BE6D3-CEC5-9472-EAC6-8B182408BE5C}.Debug|Any CPU.ActiveCfg = Debug|Any CPU
		{FC6BE6D3-CEC5-9472-EAC6-8B182408BE5C}.Debug|Any CPU.Build.0 = Debug|Any CPU
		{FC6BE6D3-CEC5-9472-EAC6-8B182408BE5C}.Release|Any CPU.ActiveCfg = Release|Any CPU
		{FC6BE6D3-CEC5-9472-EAC6-8B182408BE5C}.Release|Any CPU.Build.0 = Release|Any CPU
	EndGlobalSection
	GlobalSection(SolutionProperties) = preSolution
		HideSolutionNode = FALSE
	EndGlobalSection
EndGlobal
